// !$*UTF8*$!
{
	archiveVersion = 1;
	classes = {
	};
	objectVersion = 50;
	objects = {

/* Begin PBXBuildFile section */
		5F134004244EAC880029BA86 /* RoutineListVC.swift in Sources */ = {isa = PBXBuildFile; fileRef = 5F134003244EAC880029BA86 /* RoutineListVC.swift */; };
		5F134006244EAC960029BA86 /* SetListVC.swift in Sources */ = {isa = PBXBuildFile; fileRef = 5F134005244EAC960029BA86 /* SetListVC.swift */; };
		5F134009244EDDAC0029BA86 /* Workout.swift in Sources */ = {isa = PBXBuildFile; fileRef = 5F134008244EDDAC0029BA86 /* Workout.swift */; };
		5F13400B244EDDC90029BA86 /* SetRoutines.swift in Sources */ = {isa = PBXBuildFile; fileRef = 5F13400A244EDDC90029BA86 /* SetRoutines.swift */; };
		5F37835E244F12EF007983CA /* RoutineTimerTesting.swift in Sources */ = {isa = PBXBuildFile; fileRef = 5F37835D244F12EF007983CA /* RoutineTimerTesting.swift */; };
		5F378365244F1391007983CA /* GlobalFunctions.swift in Sources */ = {isa = PBXBuildFile; fileRef = 5F514622244A2E5200FD2BE0 /* GlobalFunctions.swift */; };
		5F514623244A2E5200FD2BE0 /* GlobalFunctions.swift in Sources */ = {isa = PBXBuildFile; fileRef = 5F514622244A2E5200FD2BE0 /* GlobalFunctions.swift */; };
		5F514625244A39EB00FD2BE0 /* ErrorTextField.swift in Sources */ = {isa = PBXBuildFile; fileRef = 5F514624244A39EB00FD2BE0 /* ErrorTextField.swift */; };
		5F7F19622449607E0098EDBF /* RoundedButton.swift in Sources */ = {isa = PBXBuildFile; fileRef = 5F7F19612449607E0098EDBF /* RoundedButton.swift */; };
		5F7F1964244960E50098EDBF /* RoundedView.swift in Sources */ = {isa = PBXBuildFile; fileRef = 5F7F1963244960E50098EDBF /* RoundedView.swift */; };
		5F951427244EDF3A002A6FA2 /* WorkoutService.swift in Sources */ = {isa = PBXBuildFile; fileRef = 5F951426244EDF3A002A6FA2 /* WorkoutService.swift */; };
		5FA70B5A244F4293003597B2 /* RoutineCell.swift in Sources */ = {isa = PBXBuildFile; fileRef = 5FA70B59244F4293003597B2 /* RoutineCell.swift */; };
		5FA70B5C244F4305003597B2 /* SetCell.swift in Sources */ = {isa = PBXBuildFile; fileRef = 5FA70B5B244F4305003597B2 /* SetCell.swift */; };
		5FD6ADD72450A25300C5F2EC /* SetHeadCell.swift in Sources */ = {isa = PBXBuildFile; fileRef = 5FD6ADD62450A25300C5F2EC /* SetHeadCell.swift */; };
		5FD6ADD92450CB9B00C5F2EC /* SetHeaderCell.swift in Sources */ = {isa = PBXBuildFile; fileRef = 5FD6ADD82450CB9B00C5F2EC /* SetHeaderCell.swift */; };
		5FDC26AD245011D5008A2FDA /* DataBankService.swift in Sources */ = {isa = PBXBuildFile; fileRef = 5FDC26AC245011D5008A2FDA /* DataBankService.swift */; };
		5FDC26AF245015EF008A2FDA /* SetService.swift in Sources */ = {isa = PBXBuildFile; fileRef = 5FDC26AE245015EF008A2FDA /* SetService.swift */; };
		5FFE9CB824479045006CE0CC /* AppDelegate.swift in Sources */ = {isa = PBXBuildFile; fileRef = 5FFE9CB724479045006CE0CC /* AppDelegate.swift */; };
		5FFE9CBA24479045006CE0CC /* SceneDelegate.swift in Sources */ = {isa = PBXBuildFile; fileRef = 5FFE9CB924479045006CE0CC /* SceneDelegate.swift */; };
		5FFE9CBF24479045006CE0CC /* Main.storyboard in Resources */ = {isa = PBXBuildFile; fileRef = 5FFE9CBD24479045006CE0CC /* Main.storyboard */; };
		5FFE9CC124479049006CE0CC /* Assets.xcassets in Resources */ = {isa = PBXBuildFile; fileRef = 5FFE9CC024479049006CE0CC /* Assets.xcassets */; };
		5FFE9CC424479049006CE0CC /* LaunchScreen.storyboard in Resources */ = {isa = PBXBuildFile; fileRef = 5FFE9CC224479049006CE0CC /* LaunchScreen.storyboard */; };
		5FFE9CCC244790AD006CE0CC /* Sounds in Resources */ = {isa = PBXBuildFile; fileRef = 5FFE9CCB244790AD006CE0CC /* Sounds */; };
		5FFE9CD4244792A3006CE0CC /* SWRevealViewController.m in Sources */ = {isa = PBXBuildFile; fileRef = 5FFE9CD2244792A3006CE0CC /* SWRevealViewController.m */; };
		5FFE9CD624479517006CE0CC /* HomeVC.swift in Sources */ = {isa = PBXBuildFile; fileRef = 5FFE9CD524479517006CE0CC /* HomeVC.swift */; };
		5FFE9CD82447952A006CE0CC /* WorkoutListVC.swift in Sources */ = {isa = PBXBuildFile; fileRef = 5FFE9CD72447952A006CE0CC /* WorkoutListVC.swift */; };
		5FFE9CDB24479A62006CE0CC /* GradientView.swift in Sources */ = {isa = PBXBuildFile; fileRef = 5FFE9CDA24479A62006CE0CC /* GradientView.swift */; };
		5FFE9CE124479E26006CE0CC /* AddRoutineVC.xib in Resources */ = {isa = PBXBuildFile; fileRef = 5FFE9CDF24479E26006CE0CC /* AddRoutineVC.xib */; };
		5FFE9CE32447AA34006CE0CC /* AddRoutineVC.swift in Sources */ = {isa = PBXBuildFile; fileRef = 5FFE9CE22447AA34006CE0CC /* AddRoutineVC.swift */; };
		5FFE9CE624481C2F006CE0CC /* Constants.swift in Sources */ = {isa = PBXBuildFile; fileRef = 5FFE9CE524481C2F006CE0CC /* Constants.swift */; };
		5FFE9CE924481FE1006CE0CC /* RoutineService.swift in Sources */ = {isa = PBXBuildFile; fileRef = 5FFE9CE824481FE1006CE0CC /* RoutineService.swift */; };
		5FFE9CEB24482064006CE0CC /* Routine.swift in Sources */ = {isa = PBXBuildFile; fileRef = 5FFE9CEA24482064006CE0CC /* Routine.swift */; };
		5FFE9CED244824CF006CE0CC /* WorkoutCell.swift in Sources */ = {isa = PBXBuildFile; fileRef = 5FFE9CEC244824CF006CE0CC /* WorkoutCell.swift */; };
		5FFE9CF1244852E1006CE0CC /* CircleButton.swift in Sources */ = {isa = PBXBuildFile; fileRef = 5FFE9CF0244852E1006CE0CC /* CircleButton.swift */; };
/* End PBXBuildFile section */

/* Begin PBXContainerItemProxy section */
		5F37834F244EFD37007983CA /* PBXContainerItemProxy */ = {
			isa = PBXContainerItemProxy;
			containerPortal = 5FFE9CAC24479045006CE0CC /* Project object */;
			proxyType = 1;
			remoteGlobalIDString = 5FFE9CB324479045006CE0CC;
			remoteInfo = RoutineTimer;
		};
		5F378360244F12EF007983CA /* PBXContainerItemProxy */ = {
			isa = PBXContainerItemProxy;
			containerPortal = 5FFE9CAC24479045006CE0CC /* Project object */;
			proxyType = 1;
			remoteGlobalIDString = 5FFE9CB324479045006CE0CC;
			remoteInfo = RoutineTimer;
		};
/* End PBXContainerItemProxy section */

/* Begin PBXFileReference section */
		5F134003244EAC880029BA86 /* RoutineListVC.swift */ = {isa = PBXFileReference; lastKnownFileType = sourcecode.swift; path = RoutineListVC.swift; sourceTree = "<group>"; };
		5F134005244EAC960029BA86 /* SetListVC.swift */ = {isa = PBXFileReference; lastKnownFileType = sourcecode.swift; path = SetListVC.swift; sourceTree = "<group>"; };
		5F134008244EDDAC0029BA86 /* Workout.swift */ = {isa = PBXFileReference; lastKnownFileType = sourcecode.swift; path = Workout.swift; sourceTree = "<group>"; };
		5F13400A244EDDC90029BA86 /* SetRoutines.swift */ = {isa = PBXFileReference; lastKnownFileType = sourcecode.swift; path = SetRoutines.swift; sourceTree = "<group>"; };
		5F37834A244EFD37007983CA /* RoutineTimerTests.xctest */ = {isa = PBXFileReference; explicitFileType = wrapper.cfbundle; includeInIndex = 0; path = RoutineTimerTests.xctest; sourceTree = BUILT_PRODUCTS_DIR; };
		5F37835B244F12EE007983CA /* RoutineTimerTesting.xctest */ = {isa = PBXFileReference; explicitFileType = wrapper.cfbundle; includeInIndex = 0; path = RoutineTimerTesting.xctest; sourceTree = BUILT_PRODUCTS_DIR; };
		5F37835D244F12EF007983CA /* RoutineTimerTesting.swift */ = {isa = PBXFileReference; lastKnownFileType = sourcecode.swift; path = RoutineTimerTesting.swift; sourceTree = "<group>"; };
		5F37835F244F12EF007983CA /* Info.plist */ = {isa = PBXFileReference; lastKnownFileType = text.plist.xml; path = Info.plist; sourceTree = "<group>"; };
		5F514622244A2E5200FD2BE0 /* GlobalFunctions.swift */ = {isa = PBXFileReference; lastKnownFileType = sourcecode.swift; path = GlobalFunctions.swift; sourceTree = "<group>"; };
		5F514624244A39EB00FD2BE0 /* ErrorTextField.swift */ = {isa = PBXFileReference; lastKnownFileType = sourcecode.swift; path = ErrorTextField.swift; sourceTree = "<group>"; };
		5F7F19612449607E0098EDBF /* RoundedButton.swift */ = {isa = PBXFileReference; lastKnownFileType = sourcecode.swift; path = RoundedButton.swift; sourceTree = "<group>"; };
		5F7F1963244960E50098EDBF /* RoundedView.swift */ = {isa = PBXFileReference; lastKnownFileType = sourcecode.swift; path = RoundedView.swift; sourceTree = "<group>"; };
		5F951426244EDF3A002A6FA2 /* WorkoutService.swift */ = {isa = PBXFileReference; lastKnownFileType = sourcecode.swift; path = WorkoutService.swift; sourceTree = "<group>"; };
		5FA70B59244F4293003597B2 /* RoutineCell.swift */ = {isa = PBXFileReference; lastKnownFileType = sourcecode.swift; path = RoutineCell.swift; sourceTree = "<group>"; };
		5FA70B5B244F4305003597B2 /* SetCell.swift */ = {isa = PBXFileReference; lastKnownFileType = sourcecode.swift; path = SetCell.swift; sourceTree = "<group>"; };
		5FD6ADD62450A25300C5F2EC /* SetHeadCell.swift */ = {isa = PBXFileReference; lastKnownFileType = sourcecode.swift; path = SetHeadCell.swift; sourceTree = "<group>"; };
		5FD6ADD82450CB9B00C5F2EC /* SetHeaderCell.swift */ = {isa = PBXFileReference; lastKnownFileType = sourcecode.swift; path = SetHeaderCell.swift; sourceTree = "<group>"; };
		5FDC26AC245011D5008A2FDA /* DataBankService.swift */ = {isa = PBXFileReference; lastKnownFileType = sourcecode.swift; path = DataBankService.swift; sourceTree = "<group>"; };
		5FDC26AE245015EF008A2FDA /* SetService.swift */ = {isa = PBXFileReference; lastKnownFileType = sourcecode.swift; path = SetService.swift; sourceTree = "<group>"; };
		5FFE9CB424479045006CE0CC /* RoutineTimer.app */ = {isa = PBXFileReference; explicitFileType = wrapper.application; includeInIndex = 0; path = RoutineTimer.app; sourceTree = BUILT_PRODUCTS_DIR; };
		5FFE9CB724479045006CE0CC /* AppDelegate.swift */ = {isa = PBXFileReference; lastKnownFileType = sourcecode.swift; path = AppDelegate.swift; sourceTree = "<group>"; };
		5FFE9CB924479045006CE0CC /* SceneDelegate.swift */ = {isa = PBXFileReference; lastKnownFileType = sourcecode.swift; path = SceneDelegate.swift; sourceTree = "<group>"; };
		5FFE9CBE24479045006CE0CC /* Base */ = {isa = PBXFileReference; lastKnownFileType = file.storyboard; name = Base; path = Base.lproj/Main.storyboard; sourceTree = "<group>"; };
		5FFE9CC024479049006CE0CC /* Assets.xcassets */ = {isa = PBXFileReference; lastKnownFileType = folder.assetcatalog; path = Assets.xcassets; sourceTree = "<group>"; };
		5FFE9CC324479049006CE0CC /* Base */ = {isa = PBXFileReference; lastKnownFileType = file.storyboard; name = Base; path = Base.lproj/LaunchScreen.storyboard; sourceTree = "<group>"; };
		5FFE9CC524479049006CE0CC /* Info.plist */ = {isa = PBXFileReference; lastKnownFileType = text.plist.xml; path = Info.plist; sourceTree = "<group>"; };
		5FFE9CCB244790AD006CE0CC /* Sounds */ = {isa = PBXFileReference; lastKnownFileType = folder; path = Sounds; sourceTree = "<group>"; };
		5FFE9CD1244792A2006CE0CC /* RoutineTimer-Bridging-Header.h */ = {isa = PBXFileReference; lastKnownFileType = sourcecode.c.h; path = "RoutineTimer-Bridging-Header.h"; sourceTree = "<group>"; };
		5FFE9CD2244792A3006CE0CC /* SWRevealViewController.m */ = {isa = PBXFileReference; fileEncoding = 4; lastKnownFileType = sourcecode.c.objc; path = SWRevealViewController.m; sourceTree = "<group>"; };
		5FFE9CD3244792A3006CE0CC /* SWRevealViewController.h */ = {isa = PBXFileReference; fileEncoding = 4; lastKnownFileType = sourcecode.c.h; path = SWRevealViewController.h; sourceTree = "<group>"; };
		5FFE9CD524479517006CE0CC /* HomeVC.swift */ = {isa = PBXFileReference; lastKnownFileType = sourcecode.swift; path = HomeVC.swift; sourceTree = "<group>"; };
		5FFE9CD72447952A006CE0CC /* WorkoutListVC.swift */ = {isa = PBXFileReference; lastKnownFileType = sourcecode.swift; path = WorkoutListVC.swift; sourceTree = "<group>"; };
		5FFE9CDA24479A62006CE0CC /* GradientView.swift */ = {isa = PBXFileReference; lastKnownFileType = sourcecode.swift; path = GradientView.swift; sourceTree = "<group>"; };
		5FFE9CDF24479E26006CE0CC /* AddRoutineVC.xib */ = {isa = PBXFileReference; lastKnownFileType = file.xib; path = AddRoutineVC.xib; sourceTree = "<group>"; };
		5FFE9CE22447AA34006CE0CC /* AddRoutineVC.swift */ = {isa = PBXFileReference; fileEncoding = 4; lastKnownFileType = sourcecode.swift; path = AddRoutineVC.swift; sourceTree = "<group>"; };
		5FFE9CE524481C2F006CE0CC /* Constants.swift */ = {isa = PBXFileReference; lastKnownFileType = sourcecode.swift; path = Constants.swift; sourceTree = "<group>"; };
		5FFE9CE824481FE1006CE0CC /* RoutineService.swift */ = {isa = PBXFileReference; lastKnownFileType = sourcecode.swift; path = RoutineService.swift; sourceTree = "<group>"; };
		5FFE9CEA24482064006CE0CC /* Routine.swift */ = {isa = PBXFileReference; lastKnownFileType = sourcecode.swift; path = Routine.swift; sourceTree = "<group>"; };
		5FFE9CEC244824CF006CE0CC /* WorkoutCell.swift */ = {isa = PBXFileReference; lastKnownFileType = sourcecode.swift; path = WorkoutCell.swift; sourceTree = "<group>"; };
		5FFE9CF0244852E1006CE0CC /* CircleButton.swift */ = {isa = PBXFileReference; lastKnownFileType = sourcecode.swift; path = CircleButton.swift; sourceTree = "<group>"; };
/* End PBXFileReference section */

/* Begin PBXFrameworksBuildPhase section */
		5F378347244EFD37007983CA /* Frameworks */ = {
			isa = PBXFrameworksBuildPhase;
			buildActionMask = 2147483647;
			files = (
			);
			runOnlyForDeploymentPostprocessing = 0;
		};
		5F378358244F12EE007983CA /* Frameworks */ = {
			isa = PBXFrameworksBuildPhase;
			buildActionMask = 2147483647;
			files = (
			);
			runOnlyForDeploymentPostprocessing = 0;
		};
		5FFE9CB124479045006CE0CC /* Frameworks */ = {
			isa = PBXFrameworksBuildPhase;
			buildActionMask = 2147483647;
			files = (
			);
			runOnlyForDeploymentPostprocessing = 0;
		};
/* End PBXFrameworksBuildPhase section */

/* Begin PBXGroup section */
		5F37835C244F12EE007983CA /* RoutineTimerTesting */ = {
			isa = PBXGroup;
			children = (
				5F37835D244F12EF007983CA /* RoutineTimerTesting.swift */,
				5F37835F244F12EF007983CA /* Info.plist */,
			);
			path = RoutineTimerTesting;
			sourceTree = "<group>";
		};
		5FFE9CAB24479045006CE0CC = {
			isa = PBXGroup;
			children = (
				5FFE9CB624479045006CE0CC /* RoutineTimer */,
				5F37835C244F12EE007983CA /* RoutineTimerTesting */,
				5FFE9CB524479045006CE0CC /* Products */,
			);
			sourceTree = "<group>";
		};
		5FFE9CB524479045006CE0CC /* Products */ = {
			isa = PBXGroup;
			children = (
				5FFE9CB424479045006CE0CC /* RoutineTimer.app */,
				5F37834A244EFD37007983CA /* RoutineTimerTests.xctest */,
				5F37835B244F12EE007983CA /* RoutineTimerTesting.xctest */,
			);
			name = Products;
			sourceTree = "<group>";
		};
		5FFE9CB624479045006CE0CC /* RoutineTimer */ = {
			isa = PBXGroup;
			children = (
				5FFE9CE724481FC4006CE0CC /* Services */,
				5FFE9CE424481C1E006CE0CC /* Utilities */,
				5FFE9CDC24479DF0006CE0CC /* XIB */,
				5FFE9CD024479288006CE0CC /* Supporting Files */,
				5FFE9CCF24479283006CE0CC /* Model */,
				5FFE9CCE24479279006CE0CC /* View */,
				5FFE9CCD24479272006CE0CC /* Controller */,
				5FFE9CCB244790AD006CE0CC /* Sounds */,
				5FFE9CB724479045006CE0CC /* AppDelegate.swift */,
				5FFE9CB924479045006CE0CC /* SceneDelegate.swift */,
				5FFE9CBD24479045006CE0CC /* Main.storyboard */,
				5FFE9CC024479049006CE0CC /* Assets.xcassets */,
				5FFE9CC224479049006CE0CC /* LaunchScreen.storyboard */,
				5FFE9CC524479049006CE0CC /* Info.plist */,
			);
			path = RoutineTimer;
			sourceTree = "<group>";
		};
		5FFE9CCD24479272006CE0CC /* Controller */ = {
			isa = PBXGroup;
			children = (
				5FFE9CD524479517006CE0CC /* HomeVC.swift */,
				5FFE9CD72447952A006CE0CC /* WorkoutListVC.swift */,
				5F134003244EAC880029BA86 /* RoutineListVC.swift */,
				5FFE9CE22447AA34006CE0CC /* AddRoutineVC.swift */,
				5F134005244EAC960029BA86 /* SetListVC.swift */,
			);
			path = Controller;
			sourceTree = "<group>";
		};
		5FFE9CCE24479279006CE0CC /* View */ = {
			isa = PBXGroup;
			children = (
				5FFE9CDA24479A62006CE0CC /* GradientView.swift */,
				5FFE9CEC244824CF006CE0CC /* WorkoutCell.swift */,
				5FFE9CF0244852E1006CE0CC /* CircleButton.swift */,
				5F7F19612449607E0098EDBF /* RoundedButton.swift */,
				5F7F1963244960E50098EDBF /* RoundedView.swift */,
				5F514624244A39EB00FD2BE0 /* ErrorTextField.swift */,
				5FA70B59244F4293003597B2 /* RoutineCell.swift */,
				5FA70B5B244F4305003597B2 /* SetCell.swift */,
				5FD6ADD62450A25300C5F2EC /* SetHeadCell.swift */,
				5FD6ADD82450CB9B00C5F2EC /* SetHeaderCell.swift */,
			);
			path = View;
			sourceTree = "<group>";
		};
		5FFE9CCF24479283006CE0CC /* Model */ = {
			isa = PBXGroup;
			children = (
				5FFE9CEA24482064006CE0CC /* Routine.swift */,
				5F13400A244EDDC90029BA86 /* SetRoutines.swift */,
				5F134008244EDDAC0029BA86 /* Workout.swift */,
			);
			path = Model;
			sourceTree = "<group>";
		};
		5FFE9CD024479288006CE0CC /* Supporting Files */ = {
			isa = PBXGroup;
			children = (
				5FFE9CD3244792A3006CE0CC /* SWRevealViewController.h */,
				5FFE9CD2244792A3006CE0CC /* SWRevealViewController.m */,
				5FFE9CD1244792A2006CE0CC /* RoutineTimer-Bridging-Header.h */,
			);
			path = "Supporting Files";
			sourceTree = "<group>";
		};
		5FFE9CDC24479DF0006CE0CC /* XIB */ = {
			isa = PBXGroup;
			children = (
				5FFE9CDF24479E26006CE0CC /* AddRoutineVC.xib */,
			);
			path = XIB;
			sourceTree = "<group>";
		};
		5FFE9CE424481C1E006CE0CC /* Utilities */ = {
			isa = PBXGroup;
			children = (
				5FFE9CE524481C2F006CE0CC /* Constants.swift */,
				5F514622244A2E5200FD2BE0 /* GlobalFunctions.swift */,
			);
			path = Utilities;
			sourceTree = "<group>";
		};
		5FFE9CE724481FC4006CE0CC /* Services */ = {
			isa = PBXGroup;
			children = (
				5FDC26AC245011D5008A2FDA /* DataBankService.swift */,
				5FFE9CE824481FE1006CE0CC /* RoutineService.swift */,
				5F951426244EDF3A002A6FA2 /* WorkoutService.swift */,
				5FDC26AE245015EF008A2FDA /* SetService.swift */,
			);
			path = Services;
			sourceTree = "<group>";
		};
/* End PBXGroup section */

/* Begin PBXNativeTarget section */
		5F378349244EFD37007983CA /* RoutineTimerTests */ = {
			isa = PBXNativeTarget;
			buildConfigurationList = 5F378353244EFD37007983CA /* Build configuration list for PBXNativeTarget "RoutineTimerTests" */;
			buildPhases = (
				5F378346244EFD37007983CA /* Sources */,
				5F378347244EFD37007983CA /* Frameworks */,
				5F378348244EFD37007983CA /* Resources */,
			);
			buildRules = (
			);
			dependencies = (
				5F378350244EFD37007983CA /* PBXTargetDependency */,
			);
			name = RoutineTimerTests;
			productName = RoutineTimerTests;
			productReference = 5F37834A244EFD37007983CA /* RoutineTimerTests.xctest */;
			productType = "com.apple.product-type.bundle.unit-test";
		};
		5F37835A244F12EE007983CA /* RoutineTimerTesting */ = {
			isa = PBXNativeTarget;
			buildConfigurationList = 5F378362244F12EF007983CA /* Build configuration list for PBXNativeTarget "RoutineTimerTesting" */;
			buildPhases = (
				5F378357244F12EE007983CA /* Sources */,
				5F378358244F12EE007983CA /* Frameworks */,
				5F378359244F12EE007983CA /* Resources */,
			);
			buildRules = (
			);
			dependencies = (
				5F378361244F12EF007983CA /* PBXTargetDependency */,
			);
			name = RoutineTimerTesting;
			productName = RoutineTimerTesting;
			productReference = 5F37835B244F12EE007983CA /* RoutineTimerTesting.xctest */;
			productType = "com.apple.product-type.bundle.unit-test";
		};
		5FFE9CB324479045006CE0CC /* RoutineTimer */ = {
			isa = PBXNativeTarget;
			buildConfigurationList = 5FFE9CC824479049006CE0CC /* Build configuration list for PBXNativeTarget "RoutineTimer" */;
			buildPhases = (
				5FFE9CB024479045006CE0CC /* Sources */,
				5FFE9CB124479045006CE0CC /* Frameworks */,
				5FFE9CB224479045006CE0CC /* Resources */,
			);
			buildRules = (
			);
			dependencies = (
			);
			name = RoutineTimer;
			productName = RoutineTimer;
			productReference = 5FFE9CB424479045006CE0CC /* RoutineTimer.app */;
			productType = "com.apple.product-type.application";
		};
/* End PBXNativeTarget section */

/* Begin PBXProject section */
		5FFE9CAC24479045006CE0CC /* Project object */ = {
			isa = PBXProject;
			attributes = {
				LastSwiftUpdateCheck = 1140;
				LastUpgradeCheck = 1140;
				ORGANIZATIONNAME = SpacedOut;
				TargetAttributes = {
					5F378349244EFD37007983CA = {
						CreatedOnToolsVersion = 11.4;
						TestTargetID = 5FFE9CB324479045006CE0CC;
					};
					5F37835A244F12EE007983CA = {
						CreatedOnToolsVersion = 11.4;
						TestTargetID = 5FFE9CB324479045006CE0CC;
					};
					5FFE9CB324479045006CE0CC = {
						CreatedOnToolsVersion = 11.4;
						LastSwiftMigration = 1140;
					};
				};
			};
			buildConfigurationList = 5FFE9CAF24479045006CE0CC /* Build configuration list for PBXProject "RoutineTimer" */;
			compatibilityVersion = "Xcode 9.3";
			developmentRegion = en;
			hasScannedForEncodings = 0;
			knownRegions = (
				en,
				Base,
			);
			mainGroup = 5FFE9CAB24479045006CE0CC;
			productRefGroup = 5FFE9CB524479045006CE0CC /* Products */;
			projectDirPath = "";
			projectRoot = "";
			targets = (
				5FFE9CB324479045006CE0CC /* RoutineTimer */,
				5F378349244EFD37007983CA /* RoutineTimerTests */,
				5F37835A244F12EE007983CA /* RoutineTimerTesting */,
			);
		};
/* End PBXProject section */

/* Begin PBXResourcesBuildPhase section */
		5F378348244EFD37007983CA /* Resources */ = {
			isa = PBXResourcesBuildPhase;
			buildActionMask = 2147483647;
			files = (
			);
			runOnlyForDeploymentPostprocessing = 0;
		};
		5F378359244F12EE007983CA /* Resources */ = {
			isa = PBXResourcesBuildPhase;
			buildActionMask = 2147483647;
			files = (
			);
			runOnlyForDeploymentPostprocessing = 0;
		};
		5FFE9CB224479045006CE0CC /* Resources */ = {
			isa = PBXResourcesBuildPhase;
			buildActionMask = 2147483647;
			files = (
				5FFE9CE124479E26006CE0CC /* AddRoutineVC.xib in Resources */,
				5FFE9CC424479049006CE0CC /* LaunchScreen.storyboard in Resources */,
				5FFE9CC124479049006CE0CC /* Assets.xcassets in Resources */,
				5FFE9CCC244790AD006CE0CC /* Sounds in Resources */,
				5FFE9CBF24479045006CE0CC /* Main.storyboard in Resources */,
			);
			runOnlyForDeploymentPostprocessing = 0;
		};
/* End PBXResourcesBuildPhase section */

/* Begin PBXSourcesBuildPhase section */
		5F378346244EFD37007983CA /* Sources */ = {
			isa = PBXSourcesBuildPhase;
			buildActionMask = 2147483647;
			files = (
			);
			runOnlyForDeploymentPostprocessing = 0;
		};
		5F378357244F12EE007983CA /* Sources */ = {
			isa = PBXSourcesBuildPhase;
			buildActionMask = 2147483647;
			files = (
				5F378365244F1391007983CA /* GlobalFunctions.swift in Sources */,
				5F37835E244F12EF007983CA /* RoutineTimerTesting.swift in Sources */,
			);
			runOnlyForDeploymentPostprocessing = 0;
		};
		5FFE9CB024479045006CE0CC /* Sources */ = {
			isa = PBXSourcesBuildPhase;
			buildActionMask = 2147483647;
			files = (
				5FFE9CE32447AA34006CE0CC /* AddRoutineVC.swift in Sources */,
				5F134009244EDDAC0029BA86 /* Workout.swift in Sources */,
				5FA70B5A244F4293003597B2 /* RoutineCell.swift in Sources */,
				5FFE9CD82447952A006CE0CC /* WorkoutListVC.swift in Sources */,
				5FFE9CE924481FE1006CE0CC /* RoutineService.swift in Sources */,
				5FFE9CF1244852E1006CE0CC /* CircleButton.swift in Sources */,
				5F514625244A39EB00FD2BE0 /* ErrorTextField.swift in Sources */,
				5F134004244EAC880029BA86 /* RoutineListVC.swift in Sources */,
				5FFE9CD624479517006CE0CC /* HomeVC.swift in Sources */,
				5F951427244EDF3A002A6FA2 /* WorkoutService.swift in Sources */,
				5FFE9CB824479045006CE0CC /* AppDelegate.swift in Sources */,
				5FFE9CEB24482064006CE0CC /* Routine.swift in Sources */,
				5F7F1964244960E50098EDBF /* RoundedView.swift in Sources */,
				5FA70B5C244F4305003597B2 /* SetCell.swift in Sources */,
				5F134006244EAC960029BA86 /* SetListVC.swift in Sources */,
				5FD6ADD92450CB9B00C5F2EC /* SetHeaderCell.swift in Sources */,
				5FDC26AD245011D5008A2FDA /* DataBankService.swift in Sources */,
				5FFE9CDB24479A62006CE0CC /* GradientView.swift in Sources */,
				5F514623244A2E5200FD2BE0 /* GlobalFunctions.swift in Sources */,
				5FDC26AF245015EF008A2FDA /* SetService.swift in Sources */,
				5FFE9CED244824CF006CE0CC /* WorkoutCell.swift in Sources */,
				5F13400B244EDDC90029BA86 /* SetRoutines.swift in Sources */,
				5FD6ADD72450A25300C5F2EC /* SetHeadCell.swift in Sources */,
				5FFE9CBA24479045006CE0CC /* SceneDelegate.swift in Sources */,
				5F7F19622449607E0098EDBF /* RoundedButton.swift in Sources */,
				5FFE9CD4244792A3006CE0CC /* SWRevealViewController.m in Sources */,
				5FFE9CE624481C2F006CE0CC /* Constants.swift in Sources */,
			);
			runOnlyForDeploymentPostprocessing = 0;
		};
/* End PBXSourcesBuildPhase section */

/* Begin PBXTargetDependency section */
		5F378350244EFD37007983CA /* PBXTargetDependency */ = {
			isa = PBXTargetDependency;
			target = 5FFE9CB324479045006CE0CC /* RoutineTimer */;
			targetProxy = 5F37834F244EFD37007983CA /* PBXContainerItemProxy */;
		};
		5F378361244F12EF007983CA /* PBXTargetDependency */ = {
			isa = PBXTargetDependency;
			target = 5FFE9CB324479045006CE0CC /* RoutineTimer */;
			targetProxy = 5F378360244F12EF007983CA /* PBXContainerItemProxy */;
		};
/* End PBXTargetDependency section */

/* Begin PBXVariantGroup section */
		5FFE9CBD24479045006CE0CC /* Main.storyboard */ = {
			isa = PBXVariantGroup;
			children = (
				5FFE9CBE24479045006CE0CC /* Base */,
			);
			name = Main.storyboard;
			sourceTree = "<group>";
		};
		5FFE9CC224479049006CE0CC /* LaunchScreen.storyboard */ = {
			isa = PBXVariantGroup;
			children = (
				5FFE9CC324479049006CE0CC /* Base */,
			);
			name = LaunchScreen.storyboard;
			sourceTree = "<group>";
		};
/* End PBXVariantGroup section */

/* Begin XCBuildConfiguration section */
		5F378351244EFD37007983CA /* Debug */ = {
			isa = XCBuildConfiguration;
			buildSettings = {
				BUNDLE_LOADER = "$(TEST_HOST)";
				CODE_SIGN_STYLE = Automatic;
				DEVELOPMENT_TEAM = W83ZFFV5H6;
				INFOPLIST_FILE = RoutineTimerTests/Info.plist;
				LD_RUNPATH_SEARCH_PATHS = (
					"$(inherited)",
					"@executable_path/Frameworks",
					"@loader_path/Frameworks",
				);
				PRODUCT_BUNDLE_IDENTIFIER = com.spacedout.RoutineTimerTests;
				PRODUCT_NAME = "$(TARGET_NAME)";
				SWIFT_VERSION = 5.0;
				TARGETED_DEVICE_FAMILY = "1,2";
				TEST_HOST = "$(BUILT_PRODUCTS_DIR)/RoutineTimer.app/RoutineTimer";
			};
			name = Debug;
		};
		5F378352244EFD37007983CA /* Release */ = {
			isa = XCBuildConfiguration;
			buildSettings = {
				BUNDLE_LOADER = "$(TEST_HOST)";
				CODE_SIGN_STYLE = Automatic;
				DEVELOPMENT_TEAM = W83ZFFV5H6;
				INFOPLIST_FILE = RoutineTimerTests/Info.plist;
				LD_RUNPATH_SEARCH_PATHS = (
					"$(inherited)",
					"@executable_path/Frameworks",
					"@loader_path/Frameworks",
				);
				PRODUCT_BUNDLE_IDENTIFIER = com.spacedout.RoutineTimerTests;
				PRODUCT_NAME = "$(TARGET_NAME)";
				SWIFT_VERSION = 5.0;
				TARGETED_DEVICE_FAMILY = "1,2";
				TEST_HOST = "$(BUILT_PRODUCTS_DIR)/RoutineTimer.app/RoutineTimer";
			};
			name = Release;
		};
		5F378363244F12EF007983CA /* Debug */ = {
			isa = XCBuildConfiguration;
			buildSettings = {
				BUNDLE_LOADER = "$(TEST_HOST)";
				CODE_SIGN_STYLE = Automatic;
				DEVELOPMENT_TEAM = W83ZFFV5H6;
				INFOPLIST_FILE = RoutineTimerTesting/Info.plist;
				LD_RUNPATH_SEARCH_PATHS = (
					"$(inherited)",
					"@executable_path/Frameworks",
					"@loader_path/Frameworks",
				);
				PRODUCT_BUNDLE_IDENTIFIER = com.spacedout.RoutineTimerTesting;
				PRODUCT_NAME = "$(TARGET_NAME)";
				SWIFT_VERSION = 5.0;
				TARGETED_DEVICE_FAMILY = "1,2";
				TEST_HOST = "$(BUILT_PRODUCTS_DIR)/RoutineTimer.app/RoutineTimer";
			};
			name = Debug;
		};
		5F378364244F12EF007983CA /* Release */ = {
			isa = XCBuildConfiguration;
			buildSettings = {
				BUNDLE_LOADER = "$(TEST_HOST)";
				CODE_SIGN_STYLE = Automatic;
				DEVELOPMENT_TEAM = W83ZFFV5H6;
				INFOPLIST_FILE = RoutineTimerTesting/Info.plist;
				LD_RUNPATH_SEARCH_PATHS = (
					"$(inherited)",
					"@executable_path/Frameworks",
					"@loader_path/Frameworks",
				);
				PRODUCT_BUNDLE_IDENTIFIER = com.spacedout.RoutineTimerTesting;
				PRODUCT_NAME = "$(TARGET_NAME)";
				SWIFT_VERSION = 5.0;
				TARGETED_DEVICE_FAMILY = "1,2";
				TEST_HOST = "$(BUILT_PRODUCTS_DIR)/RoutineTimer.app/RoutineTimer";
			};
			name = Release;
		};
		5FFE9CC624479049006CE0CC /* Debug */ = {
			isa = XCBuildConfiguration;
			buildSettings = {
				ALWAYS_SEARCH_USER_PATHS = NO;
				CLANG_ANALYZER_NONNULL = YES;
				CLANG_ANALYZER_NUMBER_OBJECT_CONVERSION = YES_AGGRESSIVE;
				CLANG_CXX_LANGUAGE_STANDARD = "gnu++14";
				CLANG_CXX_LIBRARY = "libc++";
				CLANG_ENABLE_MODULES = YES;
				CLANG_ENABLE_OBJC_ARC = YES;
				CLANG_ENABLE_OBJC_WEAK = YES;
				CLANG_WARN_BLOCK_CAPTURE_AUTORELEASING = YES;
				CLANG_WARN_BOOL_CONVERSION = YES;
				CLANG_WARN_COMMA = YES;
				CLANG_WARN_CONSTANT_CONVERSION = YES;
				CLANG_WARN_DEPRECATED_OBJC_IMPLEMENTATIONS = YES;
				CLANG_WARN_DIRECT_OBJC_ISA_USAGE = YES_ERROR;
				CLANG_WARN_DOCUMENTATION_COMMENTS = YES;
				CLANG_WARN_EMPTY_BODY = YES;
				CLANG_WARN_ENUM_CONVERSION = YES;
				CLANG_WARN_INFINITE_RECURSION = YES;
				CLANG_WARN_INT_CONVERSION = YES;
				CLANG_WARN_NON_LITERAL_NULL_CONVERSION = YES;
				CLANG_WARN_OBJC_IMPLICIT_RETAIN_SELF = YES;
				CLANG_WARN_OBJC_LITERAL_CONVERSION = YES;
				CLANG_WARN_OBJC_ROOT_CLASS = YES_ERROR;
				CLANG_WARN_RANGE_LOOP_ANALYSIS = YES;
				CLANG_WARN_STRICT_PROTOTYPES = YES;
				CLANG_WARN_SUSPICIOUS_MOVE = YES;
				CLANG_WARN_UNGUARDED_AVAILABILITY = YES_AGGRESSIVE;
				CLANG_WARN_UNREACHABLE_CODE = YES;
				CLANG_WARN__DUPLICATE_METHOD_MATCH = YES;
				COPY_PHASE_STRIP = NO;
				DEBUG_INFORMATION_FORMAT = dwarf;
				ENABLE_STRICT_OBJC_MSGSEND = YES;
				ENABLE_TESTABILITY = YES;
				GCC_C_LANGUAGE_STANDARD = gnu11;
				GCC_DYNAMIC_NO_PIC = NO;
				GCC_NO_COMMON_BLOCKS = YES;
				GCC_OPTIMIZATION_LEVEL = 0;
				GCC_PREPROCESSOR_DEFINITIONS = (
					"DEBUG=1",
					"$(inherited)",
				);
				GCC_WARN_64_TO_32_BIT_CONVERSION = YES;
				GCC_WARN_ABOUT_RETURN_TYPE = YES_ERROR;
				GCC_WARN_UNDECLARED_SELECTOR = YES;
				GCC_WARN_UNINITIALIZED_AUTOS = YES_AGGRESSIVE;
				GCC_WARN_UNUSED_FUNCTION = YES;
				GCC_WARN_UNUSED_VARIABLE = YES;
				IPHONEOS_DEPLOYMENT_TARGET = 13.4;
				MTL_ENABLE_DEBUG_INFO = INCLUDE_SOURCE;
				MTL_FAST_MATH = YES;
				ONLY_ACTIVE_ARCH = YES;
				SDKROOT = iphoneos;
				SWIFT_ACTIVE_COMPILATION_CONDITIONS = DEBUG;
				SWIFT_OPTIMIZATION_LEVEL = "-Onone";
			};
			name = Debug;
		};
		5FFE9CC724479049006CE0CC /* Release */ = {
			isa = XCBuildConfiguration;
			buildSettings = {
				ALWAYS_SEARCH_USER_PATHS = NO;
				CLANG_ANALYZER_NONNULL = YES;
				CLANG_ANALYZER_NUMBER_OBJECT_CONVERSION = YES_AGGRESSIVE;
				CLANG_CXX_LANGUAGE_STANDARD = "gnu++14";
				CLANG_CXX_LIBRARY = "libc++";
				CLANG_ENABLE_MODULES = YES;
				CLANG_ENABLE_OBJC_ARC = YES;
				CLANG_ENABLE_OBJC_WEAK = YES;
				CLANG_WARN_BLOCK_CAPTURE_AUTORELEASING = YES;
				CLANG_WARN_BOOL_CONVERSION = YES;
				CLANG_WARN_COMMA = YES;
				CLANG_WARN_CONSTANT_CONVERSION = YES;
				CLANG_WARN_DEPRECATED_OBJC_IMPLEMENTATIONS = YES;
				CLANG_WARN_DIRECT_OBJC_ISA_USAGE = YES_ERROR;
				CLANG_WARN_DOCUMENTATION_COMMENTS = YES;
				CLANG_WARN_EMPTY_BODY = YES;
				CLANG_WARN_ENUM_CONVERSION = YES;
				CLANG_WARN_INFINITE_RECURSION = YES;
				CLANG_WARN_INT_CONVERSION = YES;
				CLANG_WARN_NON_LITERAL_NULL_CONVERSION = YES;
				CLANG_WARN_OBJC_IMPLICIT_RETAIN_SELF = YES;
				CLANG_WARN_OBJC_LITERAL_CONVERSION = YES;
				CLANG_WARN_OBJC_ROOT_CLASS = YES_ERROR;
				CLANG_WARN_RANGE_LOOP_ANALYSIS = YES;
				CLANG_WARN_STRICT_PROTOTYPES = YES;
				CLANG_WARN_SUSPICIOUS_MOVE = YES;
				CLANG_WARN_UNGUARDED_AVAILABILITY = YES_AGGRESSIVE;
				CLANG_WARN_UNREACHABLE_CODE = YES;
				CLANG_WARN__DUPLICATE_METHOD_MATCH = YES;
				COPY_PHASE_STRIP = NO;
				DEBUG_INFORMATION_FORMAT = "dwarf-with-dsym";
				ENABLE_NS_ASSERTIONS = NO;
				ENABLE_STRICT_OBJC_MSGSEND = YES;
				GCC_C_LANGUAGE_STANDARD = gnu11;
				GCC_NO_COMMON_BLOCKS = YES;
				GCC_WARN_64_TO_32_BIT_CONVERSION = YES;
				GCC_WARN_ABOUT_RETURN_TYPE = YES_ERROR;
				GCC_WARN_UNDECLARED_SELECTOR = YES;
				GCC_WARN_UNINITIALIZED_AUTOS = YES_AGGRESSIVE;
				GCC_WARN_UNUSED_FUNCTION = YES;
				GCC_WARN_UNUSED_VARIABLE = YES;
				IPHONEOS_DEPLOYMENT_TARGET = 13.4;
				MTL_ENABLE_DEBUG_INFO = NO;
				MTL_FAST_MATH = YES;
				SDKROOT = iphoneos;
				SWIFT_COMPILATION_MODE = wholemodule;
				SWIFT_OPTIMIZATION_LEVEL = "-O";
				VALIDATE_PRODUCT = YES;
			};
			name = Release;
		};
		5FFE9CC924479049006CE0CC /* Debug */ = {
			isa = XCBuildConfiguration;
			buildSettings = {
				ASSETCATALOG_COMPILER_APPICON_NAME = AppIcon;
				CLANG_ENABLE_MODULES = YES;
				CODE_SIGN_STYLE = Automatic;
				DEVELOPMENT_TEAM = W83ZFFV5H6;
				INFOPLIST_FILE = RoutineTimer/Info.plist;
				IPHONEOS_DEPLOYMENT_TARGET = 13.0;
				LD_RUNPATH_SEARCH_PATHS = (
					"$(inherited)",
					"@executable_path/Frameworks",
				);
				PRODUCT_BUNDLE_IDENTIFIER = com.spacedout.RoutineTimer;
				PRODUCT_NAME = "$(TARGET_NAME)";
				SWIFT_OBJC_BRIDGING_HEADER = "RoutineTimer/Supporting Files/RoutineTimer-Bridging-Header.h";
				SWIFT_OPTIMIZATION_LEVEL = "-Onone";
				SWIFT_VERSION = 5.0;
				TARGETED_DEVICE_FAMILY = 1;
			};
			name = Debug;
		};
		5FFE9CCA24479049006CE0CC /* Release */ = {
			isa = XCBuildConfiguration;
			buildSettings = {
				ASSETCATALOG_COMPILER_APPICON_NAME = AppIcon;
				CLANG_ENABLE_MODULES = YES;
				CODE_SIGN_STYLE = Automatic;
				DEVELOPMENT_TEAM = W83ZFFV5H6;
				INFOPLIST_FILE = RoutineTimer/Info.plist;
				IPHONEOS_DEPLOYMENT_TARGET = 13.0;
				LD_RUNPATH_SEARCH_PATHS = (
					"$(inherited)",
					"@executable_path/Frameworks",
				);
				PRODUCT_BUNDLE_IDENTIFIER = com.spacedout.RoutineTimer;
				PRODUCT_NAME = "$(TARGET_NAME)";
				SWIFT_OBJC_BRIDGING_HEADER = "RoutineTimer/Supporting Files/RoutineTimer-Bridging-Header.h";
				SWIFT_VERSION = 5.0;
				TARGETED_DEVICE_FAMILY = 1;
			};
			name = Release;
		};
/* End XCBuildConfiguration section */

/* Begin XCConfigurationList section */
		5F378353244EFD37007983CA /* Build configuration list for PBXNativeTarget "RoutineTimerTests" */ = {
			isa = XCConfigurationList;
			buildConfigurations = (
				5F378351244EFD37007983CA /* Debug */,
				5F378352244EFD37007983CA /* Release */,
			);
			defaultConfigurationIsVisible = 0;
			defaultConfigurationName = Release;
		};
		5F378362244F12EF007983CA /* Build configuration list for PBXNativeTarget "RoutineTimerTesting" */ = {
			isa = XCConfigurationList;
			buildConfigurations = (
				5F378363244F12EF007983CA /* Debug */,
				5F378364244F12EF007983CA /* Release */,
			);
			defaultConfigurationIsVisible = 0;
			defaultConfigurationName = Release;
		};
		5FFE9CAF24479045006CE0CC /* Build configuration list for PBXProject "RoutineTimer" */ = {
			isa = XCConfigurationList;
			buildConfigurations = (
				5FFE9CC624479049006CE0CC /* Debug */,
				5FFE9CC724479049006CE0CC /* Release */,
			);
			defaultConfigurationIsVisible = 0;
			defaultConfigurationName = Release;
		};
		5FFE9CC824479049006CE0CC /* Build configuration list for PBXNativeTarget "RoutineTimer" */ = {
			isa = XCConfigurationList;
			buildConfigurations = (
				5FFE9CC924479049006CE0CC /* Debug */,
				5FFE9CCA24479049006CE0CC /* Release */,
			);
			defaultConfigurationIsVisible = 0;
			defaultConfigurationName = Release;
		};
/* End XCConfigurationList section */
	};
	rootObject = 5FFE9CAC24479045006CE0CC /* Project object */;
}
